// !$*UTF8*$!
{
	archiveVersion = 1;
	classes = {
	};
	objectVersion = 50;
	objects = {

/* Begin PBXBuildFile section */
		7DB2CD192598AABD00B0960C /* AppDelegate.swift in Sources */ = {isa = PBXBuildFile; fileRef = 7DB2CD182598AABD00B0960C /* AppDelegate.swift */; };
		7DB2CD1B2598AABD00B0960C /* SceneDelegate.swift in Sources */ = {isa = PBXBuildFile; fileRef = 7DB2CD1A2598AABD00B0960C /* SceneDelegate.swift */; };
		7DB2CD1D2598AABD00B0960C /* ViewController.swift in Sources */ = {isa = PBXBuildFile; fileRef = 7DB2CD1C2598AABD00B0960C /* ViewController.swift */; };
		7DB2CD202598AABD00B0960C /* Main.storyboard in Resources */ = {isa = PBXBuildFile; fileRef = 7DB2CD1E2598AABD00B0960C /* Main.storyboard */; };
		7DB2CD222598AABE00B0960C /* Assets.xcassets in Resources */ = {isa = PBXBuildFile; fileRef = 7DB2CD212598AABE00B0960C /* Assets.xcassets */; };
		7DB2CD252598AABE00B0960C /* LaunchScreen.storyboard in Resources */ = {isa = PBXBuildFile; fileRef = 7DB2CD232598AABE00B0960C /* LaunchScreen.storyboard */; };
		7DB2CD302598AAF500B0960C /* Discovery.swift in Sources */ = {isa = PBXBuildFile; fileRef = 7DB2CD2E2598AAF400B0960C /* Discovery.swift */; };
/* End PBXBuildFile section */

/* Begin PBXFileReference section */
		7DB2CD152598AABD00B0960C /* MoistureMonitor.app */ = {isa = PBXFileReference; explicitFileType = wrapper.application; includeInIndex = 0; path = MoistureMonitor.app; sourceTree = BUILT_PRODUCTS_DIR; };
		7DB2CD182598AABD00B0960C /* AppDelegate.swift */ = {isa = PBXFileReference; lastKnownFileType = sourcecode.swift; path = AppDelegate.swift; sourceTree = "<group>"; };
		7DB2CD1A2598AABD00B0960C /* SceneDelegate.swift */ = {isa = PBXFileReference; lastKnownFileType = sourcecode.swift; path = SceneDelegate.swift; sourceTree = "<group>"; };
		7DB2CD1C2598AABD00B0960C /* ViewController.swift */ = {isa = PBXFileReference; lastKnownFileType = sourcecode.swift; path = ViewController.swift; sourceTree = "<group>"; };
		7DB2CD1F2598AABD00B0960C /* Base */ = {isa = PBXFileReference; lastKnownFileType = file.storyboard; name = Base; path = Base.lproj/Main.storyboard; sourceTree = "<group>"; };
		7DB2CD212598AABE00B0960C /* Assets.xcassets */ = {isa = PBXFileReference; lastKnownFileType = folder.assetcatalog; path = Assets.xcassets; sourceTree = "<group>"; };
		7DB2CD242598AABE00B0960C /* Base */ = {isa = PBXFileReference; lastKnownFileType = file.storyboard; name = Base; path = Base.lproj/LaunchScreen.storyboard; sourceTree = "<group>"; };
		7DB2CD262598AABE00B0960C /* Info.plist */ = {isa = PBXFileReference; lastKnownFileType = text.plist.xml; path = Info.plist; sourceTree = "<group>"; };
		7DB2CD2E2598AAF400B0960C /* Discovery.swift */ = {isa = PBXFileReference; fileEncoding = 4; lastKnownFileType = sourcecode.swift; path = Discovery.swift; sourceTree = "<group>"; };
/* End PBXFileReference section */

/* Begin PBXFrameworksBuildPhase section */
		7DB2CD122598AABD00B0960C /* Frameworks */ = {
			isa = PBXFrameworksBuildPhase;
			buildActionMask = 2147483647;
			files = (
			);
			runOnlyForDeploymentPostprocessing = 0;
		};
/* End PBXFrameworksBuildPhase section */

/* Begin PBXGroup section */
		7DB2CD0C2598AABD00B0960C = {
			isa = PBXGroup;
			children = (
				7DB2CD172598AABD00B0960C /* MoistureMonitor */,
				7DB2CD162598AABD00B0960C /* Products */,
			);
			sourceTree = "<group>";
		};
		7DB2CD162598AABD00B0960C /* Products */ = {
			isa = PBXGroup;
			children = (
				7DB2CD152598AABD00B0960C /* MoistureMonitor.app */,
			);
			name = Products;
			sourceTree = "<group>";
		};
		7DB2CD172598AABD00B0960C /* MoistureMonitor */ = {
			isa = PBXGroup;
			children = (
				7DB2CD2E2598AAF400B0960C /* Discovery.swift */,
				7DB2CD182598AABD00B0960C /* AppDelegate.swift */,
				7DB2CD1A2598AABD00B0960C /* SceneDelegate.swift */,
				7DB2CD1C2598AABD00B0960C /* ViewController.swift */,
				7DB2CD1E2598AABD00B0960C /* Main.storyboard */,
				7DB2CD212598AABE00B0960C /* Assets.xcassets */,
				7DB2CD232598AABE00B0960C /* LaunchScreen.storyboard */,
				7DB2CD262598AABE00B0960C /* Info.plist */,
			);
			path = MoistureMonitor;
			sourceTree = "<group>";
		};
/* End PBXGroup section */

/* Begin PBXNativeTarget section */
		7DB2CD142598AABD00B0960C /* MoistureMonitor */ = {
			isa = PBXNativeTarget;
			buildConfigurationList = 7DB2CD292598AABE00B0960C /* Build configuration list for PBXNativeTarget "MoistureMonitor" */;
			buildPhases = (
				7DB2CD112598AABD00B0960C /* Sources */,
				7DB2CD122598AABD00B0960C /* Frameworks */,
				7DB2CD132598AABD00B0960C /* Resources */,
			);
			buildRules = (
			);
			dependencies = (
			);
			name = MoistureMonitor;
			productName = MoistureMonitor;
			productReference = 7DB2CD152598AABD00B0960C /* MoistureMonitor.app */;
			productType = "com.apple.product-type.application";
		};
/* End PBXNativeTarget section */

/* Begin PBXProject section */
		7DB2CD0D2598AABD00B0960C /* Project object */ = {
			isa = PBXProject;
			attributes = {
				LastSwiftUpdateCheck = 1230;
				LastUpgradeCheck = 1230;
				TargetAttributes = {
					7DB2CD142598AABD00B0960C = {
						CreatedOnToolsVersion = 12.3;
					};
				};
			};
			buildConfigurationList = 7DB2CD102598AABD00B0960C /* Build configuration list for PBXProject "MoistureMonitor" */;
			compatibilityVersion = "Xcode 9.3";
			developmentRegion = en;
			hasScannedForEncodings = 0;
			knownRegions = (
				en,
				Base,
			);
			mainGroup = 7DB2CD0C2598AABD00B0960C;
			productRefGroup = 7DB2CD162598AABD00B0960C /* Products */;
			projectDirPath = "";
			projectRoot = "";
			targets = (
				7DB2CD142598AABD00B0960C /* MoistureMonitor */,
			);
		};
/* End PBXProject section */

/* Begin PBXResourcesBuildPhase section */
		7DB2CD132598AABD00B0960C /* Resources */ = {
			isa = PBXResourcesBuildPhase;
			buildActionMask = 2147483647;
			files = (
				7DB2CD252598AABE00B0960C /* LaunchScreen.storyboard in Resources */,
				7DB2CD222598AABE00B0960C /* Assets.xcassets in Resources */,
				7DB2CD202598AABD00B0960C /* Main.storyboard in Resources */,
			);
			runOnlyForDeploymentPostprocessing = 0;
		};
/* End PBXResourcesBuildPhase section */

/* Begin PBXSourcesBuildPhase section */
		7DB2CD112598AABD00B0960C /* Sources */ = {
			isa = PBXSourcesBuildPhase;
			buildActionMask = 2147483647;
			files = (
				7DB2CD1D2598AABD00B0960C /* ViewController.swift in Sources */,
				7DB2CD192598AABD00B0960C /* AppDelegate.swift in Sources */,
				7DB2CD302598AAF500B0960C /* Discovery.swift in Sources */,
				7DB2CD1B2598AABD00B0960C /* SceneDelegate.swift in Sources */,
			);
			runOnlyForDeploymentPostprocessing = 0;
		};
/* End PBXSourcesBuildPhase section */

/* Begin PBXVariantGroup section */
		7DB2CD1E2598AABD00B0960C /* Main.storyboard */ = {
			isa = PBXVariantGroup;
			children = (
				7DB2CD1F2598AABD00B0960C /* Base */,
			);
			name = Main.storyboard;
			sourceTree = "<group>";
		};
		7DB2CD232598AABE00B0960C /* LaunchScreen.storyboard */ = {
			isa = PBXVariantGroup;
			children = (
				7DB2CD242598AABE00B0960C /* Base */,
			);
			name = LaunchScreen.storyboard;
			sourceTree = "<group>";
		};
/* End PBXVariantGroup section */

/* Begin XCBuildConfiguration section */
		7DB2CD272598AABE00B0960C /* Debug */ = {
			isa = XCBuildConfiguration;
			buildSettings = {
				ALWAYS_SEARCH_USER_PATHS = NO;
				CLANG_ANALYZER_NONNULL = YES;
				CLANG_ANALYZER_NUMBER_OBJECT_CONVERSION = YES_AGGRESSIVE;
				CLANG_CXX_LANGUAGE_STANDARD = "gnu++14";
				CLANG_CXX_LIBRARY = "libc++";
				CLANG_ENABLE_MODULES = YES;
				CLANG_ENABLE_OBJC_ARC = YES;
				CLANG_ENABLE_OBJC_WEAK = YES;
				CLANG_WARN_BLOCK_CAPTURE_AUTORELEASING = YES;
				CLANG_WARN_BOOL_CONVERSION = YES;
				CLANG_WARN_COMMA = YES;
				CLANG_WARN_CONSTANT_CONVERSION = YES;
				CLANG_WARN_DEPRECATED_OBJC_IMPLEMENTATIONS = YES;
				CLANG_WARN_DIRECT_OBJC_ISA_USAGE = YES_ERROR;
				CLANG_WARN_DOCUMENTATION_COMMENTS = YES;
				CLANG_WARN_EMPTY_BODY = YES;
				CLANG_WARN_ENUM_CONVERSION = YES;
				CLANG_WARN_INFINITE_RECURSION = YES;
				CLANG_WARN_INT_CONVERSION = YES;
				CLANG_WARN_NON_LITERAL_NULL_CONVERSION = YES;
				CLANG_WARN_OBJC_IMPLICIT_RETAIN_SELF = YES;
				CLANG_WARN_OBJC_LITERAL_CONVERSION = YES;
				CLANG_WARN_OBJC_ROOT_CLASS = YES_ERROR;
				CLANG_WARN_QUOTED_INCLUDE_IN_FRAMEWORK_HEADER = YES;
				CLANG_WARN_RANGE_LOOP_ANALYSIS = YES;
				CLANG_WARN_STRICT_PROTOTYPES = YES;
				CLANG_WARN_SUSPICIOUS_MOVE = YES;
				CLANG_WARN_UNGUARDED_AVAILABILITY = YES_AGGRESSIVE;
				CLANG_WARN_UNREACHABLE_CODE = YES;
				CLANG_WARN__DUPLICATE_METHOD_MATCH = YES;
				COPY_PHASE_STRIP = NO;
				DEBUG_INFORMATION_FORMAT = dwarf;
				DEVELOPMENT_TEAM = Q395737H8Y;
				ENABLE_STRICT_OBJC_MSGSEND = YES;
				ENABLE_TESTABILITY = YES;
				GCC_C_LANGUAGE_STANDARD = gnu11;
				GCC_DYNAMIC_NO_PIC = NO;
				GCC_NO_COMMON_BLOCKS = YES;
				GCC_OPTIMIZATION_LEVEL = 0;
				GCC_PREPROCESSOR_DEFINITIONS = (
					"DEBUG=1",
					"$(inherited)",
				);
				GCC_WARN_64_TO_32_BIT_CONVERSION = YES;
				GCC_WARN_ABOUT_RETURN_TYPE = YES_ERROR;
				GCC_WARN_UNDECLARED_SELECTOR = YES;
				GCC_WARN_UNINITIALIZED_AUTOS = YES_AGGRESSIVE;
				GCC_WARN_UNUSED_FUNCTION = YES;
				GCC_WARN_UNUSED_VARIABLE = YES;
				IPHONEOS_DEPLOYMENT_TARGET = 13.1;
				MTL_ENABLE_DEBUG_INFO = INCLUDE_SOURCE;
				MTL_FAST_MATH = YES;
				ONLY_ACTIVE_ARCH = YES;
				SDKROOT = iphoneos;
				SWIFT_ACTIVE_COMPILATION_CONDITIONS = DEBUG;
				SWIFT_OPTIMIZATION_LEVEL = "-Onone";
			};
			name = Debug;
		};
		7DB2CD282598AABE00B0960C /* Release */ = {
			isa = XCBuildConfiguration;
			buildSettings = {
				ALWAYS_SEARCH_USER_PATHS = NO;
				CLANG_ANALYZER_NONNULL = YES;
				CLANG_ANALYZER_NUMBER_OBJECT_CONVERSION = YES_AGGRESSIVE;
				CLANG_CXX_LANGUAGE_STANDARD = "gnu++14";
				CLANG_CXX_LIBRARY = "libc++";
				CLANG_ENABLE_MODULES = YES;
				CLANG_ENABLE_OBJC_ARC = YES;
				CLANG_ENABLE_OBJC_WEAK = YES;
				CLANG_WARN_BLOCK_CAPTURE_AUTORELEASING = YES;
				CLANG_WARN_BOOL_CONVERSION = YES;
				CLANG_WARN_COMMA = YES;
				CLANG_WARN_CONSTANT_CONVERSION = YES;
				CLANG_WARN_DEPRECATED_OBJC_IMPLEMENTATIONS = YES;
				CLANG_WARN_DIRECT_OBJC_ISA_USAGE = YES_ERROR;
				CLANG_WARN_DOCUMENTATION_COMMENTS = YES;
				CLANG_WARN_EMPTY_BODY = YES;
				CLANG_WARN_ENUM_CONVERSION = YES;
				CLANG_WARN_INFINITE_RECURSION = YES;
				CLANG_WARN_INT_CONVERSION = YES;
				CLANG_WARN_NON_LITERAL_NULL_CONVERSION = YES;
				CLANG_WARN_OBJC_IMPLICIT_RETAIN_SELF = YES;
				CLANG_WARN_OBJC_LITERAL_CONVERSION = YES;
				CLANG_WARN_OBJC_ROOT_CLASS = YES_ERROR;
				CLANG_WARN_QUOTED_INCLUDE_IN_FRAMEWORK_HEADER = YES;
				CLANG_WARN_RANGE_LOOP_ANALYSIS = YES;
				CLANG_WARN_STRICT_PROTOTYPES = YES;
				CLANG_WARN_SUSPICIOUS_MOVE = YES;
				CLANG_WARN_UNGUARDED_AVAILABILITY = YES_AGGRESSIVE;
				CLANG_WARN_UNREACHABLE_CODE = YES;
				CLANG_WARN__DUPLICATE_METHOD_MATCH = YES;
				COPY_PHASE_STRIP = NO;
				DEBUG_INFORMATION_FORMAT = "dwarf-with-dsym";
				DEVELOPMENT_TEAM = Q395737H8Y;
				ENABLE_NS_ASSERTIONS = NO;
				ENABLE_STRICT_OBJC_MSGSEND = YES;
				GCC_C_LANGUAGE_STANDARD = gnu11;
				GCC_NO_COMMON_BLOCKS = YES;
				GCC_WARN_64_TO_32_BIT_CONVERSION = YES;
				GCC_WARN_ABOUT_RETURN_TYPE = YES_ERROR;
				GCC_WARN_UNDECLARED_SELECTOR = YES;
				GCC_WARN_UNINITIALIZED_AUTOS = YES_AGGRESSIVE;
				GCC_WARN_UNUSED_FUNCTION = YES;
				GCC_WARN_UNUSED_VARIABLE = YES;
				IPHONEOS_DEPLOYMENT_TARGET = 13.1;
				MTL_ENABLE_DEBUG_INFO = NO;
				MTL_FAST_MATH = YES;
				SDKROOT = iphoneos;
				SWIFT_COMPILATION_MODE = wholemodule;
				SWIFT_OPTIMIZATION_LEVEL = "-O";
				VALIDATE_PRODUCT = YES;
			};
			name = Release;
		};
		7DB2CD2A2598AABE00B0960C /* Debug */ = {
			isa = XCBuildConfiguration;
			buildSettings = {
				ASSETCATALOG_COMPILER_APPICON_NAME = AppIcon;
				ASSETCATALOG_COMPILER_GLOBAL_ACCENT_COLOR_NAME = AccentColor;
				DEVELOPMENT_TEAM = Q395737H8Y;
				INFOPLIST_FILE = MoistureMonitor/Info.plist;
				LD_RUNPATH_SEARCH_PATHS = (
					"$(inherited)",
					"@executable_path/Frameworks",
				);
				PRODUCT_BUNDLE_IDENTIFIER = com.ae.MoistureMonitor;
				PRODUCT_NAME = "$(TARGET_NAME)";
				SWIFT_VERSION = 5.0;
				TARGETED_DEVICE_FAMILY = "1,2";
			};
			name = Debug;
		};
		7DB2CD2B2598AABE00B0960C /* Release */ = {
			isa = XCBuildConfiguration;
			buildSettings = {
				ASSETCATALOG_COMPILER_APPICON_NAME = AppIcon;
				ASSETCATALOG_COMPILER_GLOBAL_ACCENT_COLOR_NAME = AccentColor;
				DEVELOPMENT_TEAM = Q395737H8Y;
				INFOPLIST_FILE = MoistureMonitor/Info.plist;
				LD_RUNPATH_SEARCH_PATHS = (
					"$(inherited)",
					"@executable_path/Frameworks",
				);
				PRODUCT_BUNDLE_IDENTIFIER = com.ae.MoistureMonitor;
				PRODUCT_NAME = "$(TARGET_NAME)";
				SWIFT_VERSION = 5.0;
				TARGETED_DEVICE_FAMILY = "1,2";
			};
			name = Release;
		};
/* End XCBuildConfiguration section */

/* Begin XCConfigurationList section */
		7DB2CD102598AABD00B0960C /* Build configuration list for PBXProject "MoistureMonitor" */ = {
			isa = XCConfigurationList;
			buildConfigurations = (
				7DB2CD272598AABE00B0960C /* Debug */,
				7DB2CD282598AABE00B0960C /* Release */,
			);
			defaultConfigurationIsVisible = 0;
			defaultConfigurationName = Release;
		};
		7DB2CD292598AABE00B0960C /* Build configuration list for PBXNativeTarget "MoistureMonitor" */ = {
			isa = XCConfigurationList;
			buildConfigurations = (
				7DB2CD2A2598AABE00B0960C /* Debug */,
				7DB2CD2B2598AABE00B0960C /* Release */,
			);
			defaultConfigurationIsVisible = 0;
			defaultConfigurationName = Release;
		};
/* End XCConfigurationList section */
	};
	rootObject = 7DB2CD0D2598AABD00B0960C /* Project object */;
}
